
Microsoft Visual Studio Solution File, Format Version 12.00
# Visual Studio Version 17
VisualStudioVersion = 17.13.35931.197 d17.13
MinimumVisualStudioVersion = 10.0.40219.1
Project("{FAE04EC0-301F-11D3-BF4B-00C04F79EFBC}") = "1.8.9 crackmin", "1.8.9 crackmin\1.8.9 crackmin.csproj", "{EA3984F3-D5E6-49A9-ACF3-64CC182B6785}"
EndProject
Global
	GlobalSection(SolutionConfigurationPlatforms) = preSolution
		Debug|Any CPU = Debug|Any CPU
		Release|Any CPU = Release|Any CPU
	EndGlobalSection
	GlobalSection(ProjectConfigurationPlatforms) = postSolution
		{EA3984F3-D5E6-49A9-ACF3-64CC182B6785}.Debug|Any CPU.ActiveCfg = Debug|Any CPU
		{EA3984F3-D5E6-49A9-ACF3-64CC182B6785}.Debug|Any CPU.Build.0 = Debug|Any CPU
		{EA3984F3-D5E6-49A9-ACF3-64CC182B6785}.Release|Any CPU.ActiveCfg = Release|Any CPU
		{EA3984F3-D5E6-49A9-ACF3-64CC182B6785}.Release|Any CPU.Build.0 = Release|Any CPU
	EndGlobalSection
	GlobalSection(SolutionProperties) = preSolution
		HideSolutionNode = FALSE
	EndGlobalSection
	GlobalSection(ExtensibilityGlobals) = postSolution
		SolutionGuid = {0CC7B3F4-FE21-4E0D-9482-08A4111DC040}
	EndGlobalSection
EndGlobal
